
Microsoft Visual Studio Solution File, Format Version 12.00
# Visual Studio Version 16
VisualStudioVersion = 16.0.30804.86
MinimumVisualStudioVersion = 10.0.40219.1
Project("{FAE04EC0-301F-11D3-BF4B-00C04F79EFBC}") = "EighthLessonTasks", "EighthLessonTasks\EighthLessonTasks.csproj", "{90675288-CE94-473F-ACDB-3E62380DB49A}"
EndProject
Project("{FAE04EC0-301F-11D3-BF4B-00C04F79EFBC}") = "FirstTask", "FirstTask\FirstTask.csproj", "{3A6AB0CB-156D-4610-8852-273F8223BA85}"
EndProject
Global
	GlobalSection(SolutionConfigurationPlatforms) = preSolution
		Debug|Any CPU = Debug|Any CPU
		Release|Any CPU = Release|Any CPU
	EndGlobalSection
	GlobalSection(ProjectConfigurationPlatforms) = postSolution
		{90675288-CE94-473F-ACDB-3E62380DB49A}.Debug|Any CPU.ActiveCfg = Debug|Any CPU
		{90675288-CE94-473F-ACDB-3E62380DB49A}.Debug|Any CPU.Build.0 = Debug|Any CPU
		{90675288-CE94-473F-ACDB-3E62380DB49A}.Release|Any CPU.ActiveCfg = Release|Any CPU
		{90675288-CE94-473F-ACDB-3E62380DB49A}.Release|Any CPU.Build.0 = Release|Any CPU
		{3A6AB0CB-156D-4610-8852-273F8223BA85}.Debug|Any CPU.ActiveCfg = Debug|Any CPU
		{3A6AB0CB-156D-4610-8852-273F8223BA85}.Debug|Any CPU.Build.0 = Debug|Any CPU
		{3A6AB0CB-156D-4610-8852-273F8223BA85}.Release|Any CPU.ActiveCfg = Release|Any CPU
		{3A6AB0CB-156D-4610-8852-273F8223BA85}.Release|Any CPU.Build.0 = Release|Any CPU
	EndGlobalSection
	GlobalSection(SolutionProperties) = preSolution
		HideSolutionNode = FALSE
	EndGlobalSection
	GlobalSection(ExtensibilityGlobals) = postSolution
		SolutionGuid = {C1545B04-B78C-47E7-B786-948FD186D929}
	EndGlobalSection
EndGlobal
